
Microsoft Visual Studio Solution File, Format Version 11.00
# Visual Studio 2010
Project("{FAE04EC0-301F-11D3-BF4B-00C04F79EFBC}") = "Jed.StateMachine", "Jed.StateMachine\Jed.StateMachine.csproj", "{966E7E08-3DFB-4B20-9FF3-E315CFC47875}"
EndProject
Project("{FAE04EC0-301F-11D3-BF4B-00C04F79EFBC}") = "Jed.StateMachine.Tests", "Jed.StateMachine.Tests\Jed.StateMachine.Tests.csproj", "{A1FA9E35-6F7F-4C93-A90E-529E72E3C2EC}"
EndProject
Global
	GlobalSection(SolutionConfigurationPlatforms) = preSolution
		Debug|Any CPU = Debug|Any CPU
		Release|Any CPU = Release|Any CPU
	EndGlobalSection
	GlobalSection(ProjectConfigurationPlatforms) = postSolution
		{966E7E08-3DFB-4B20-9FF3-E315CFC47875}.Debug|Any CPU.ActiveCfg = Debug|Any CPU
		{966E7E08-3DFB-4B20-9FF3-E315CFC47875}.Debug|Any CPU.Build.0 = Debug|Any CPU
		{966E7E08-3DFB-4B20-9FF3-E315CFC47875}.Release|Any CPU.ActiveCfg = Release|Any CPU
		{966E7E08-3DFB-4B20-9FF3-E315CFC47875}.Release|Any CPU.Build.0 = Release|Any CPU
		{A1FA9E35-6F7F-4C93-A90E-529E72E3C2EC}.Debug|Any CPU.ActiveCfg = Debug|Any CPU
		{A1FA9E35-6F7F-4C93-A90E-529E72E3C2EC}.Debug|Any CPU.Build.0 = Debug|Any CPU
		{A1FA9E35-6F7F-4C93-A90E-529E72E3C2EC}.Release|Any CPU.ActiveCfg = Release|Any CPU
		{A1FA9E35-6F7F-4C93-A90E-529E72E3C2EC}.Release|Any CPU.Build.0 = Release|Any CPU
	EndGlobalSection
	GlobalSection(SolutionProperties) = preSolution
		HideSolutionNode = FALSE
	EndGlobalSection
EndGlobal
